
Microsoft Visual Studio Solution File, Format Version 12.00
# Visual Studio Version 17
VisualStudioVersion = 17.10.34928.147
MinimumVisualStudioVersion = 10.0.40219.1
Project("{FAE04EC0-301F-11D3-BF4B-00C04F79EFBC}") = "LearningConsole", "LearningConsole\LearningConsole.csproj", "{53029298-3DA1-48C6-A4AE-3EB95576BD00}"
EndProject
Global
	GlobalSection(SolutionConfigurationPlatforms) = preSolution
		Debug|Any CPU = Debug|Any CPU
		Release|Any CPU = Release|Any CPU
	EndGlobalSection
	GlobalSection(ProjectConfigurationPlatforms) = postSolution
		{53029298-3DA1-48C6-A4AE-3EB95576BD00}.Debug|Any CPU.ActiveCfg = Debug|Any CPU
		{53029298-3DA1-48C6-A4AE-3EB95576BD00}.Debug|Any CPU.Build.0 = Debug|Any CPU
		{53029298-3DA1-48C6-A4AE-3EB95576BD00}.Release|Any CPU.ActiveCfg = Release|Any CPU
		{53029298-3DA1-48C6-A4AE-3EB95576BD00}.Release|Any CPU.Build.0 = Release|Any CPU
	EndGlobalSection
	GlobalSection(SolutionProperties) = preSolution
		HideSolutionNode = FALSE
	EndGlobalSection
	GlobalSection(ExtensibilityGlobals) = postSolution
		SolutionGuid = {521417BB-F21A-4F99-9ACF-0965DA4CFDE0}
	EndGlobalSection
EndGlobal
